// !$*UTF8*$!
{
	archiveVersion = 1;
	classes = {
	};
	objectVersion = 46;
	objects = {

/* Begin PBXBuildFile section */
		1C7262B157AB4BA89E263785 /* libPods-RollCall.a in Frameworks */ = {isa = PBXBuildFile; fileRef = 4B8C3DF46FA541FFB1819743 /* libPods-RollCall.a */; };
		2315C0A919703E1600ABA433 /* RCGroupTableViewCell.m in Sources */ = {isa = PBXBuildFile; fileRef = 2315C0A819703E1600ABA433 /* RCGroupTableViewCell.m */; };
		2315C0B51970763A00ABA433 /* RCServer.m in Sources */ = {isa = PBXBuildFile; fileRef = 2315C0B41970763A00ABA433 /* RCServer.m */; };
		23553FB81967405B00CE49CD /* Foundation.framework in Frameworks */ = {isa = PBXBuildFile; fileRef = 23553FB71967405B00CE49CD /* Foundation.framework */; };
		23553FBA1967405B00CE49CD /* CoreGraphics.framework in Frameworks */ = {isa = PBXBuildFile; fileRef = 23553FB91967405B00CE49CD /* CoreGraphics.framework */; };
		23553FBC1967405B00CE49CD /* UIKit.framework in Frameworks */ = {isa = PBXBuildFile; fileRef = 23553FBB1967405B00CE49CD /* UIKit.framework */; };
		23553FBE1967405B00CE49CD /* CoreData.framework in Frameworks */ = {isa = PBXBuildFile; fileRef = 23553FBD1967405B00CE49CD /* CoreData.framework */; };
		23553FC41967405B00CE49CD /* InfoPlist.strings in Resources */ = {isa = PBXBuildFile; fileRef = 23553FC21967405B00CE49CD /* InfoPlist.strings */; };
		23553FCA1967405B00CE49CD /* AppDelegate.m in Sources */ = {isa = PBXBuildFile; fileRef = 23553FC91967405B00CE49CD /* AppDelegate.m */; };
		23553FCF1967405B00CE49CD /* Images.xcassets in Resources */ = {isa = PBXBuildFile; fileRef = 23553FCE1967405B00CE49CD /* Images.xcassets */; };
		23553FD61967405B00CE49CD /* XCTest.framework in Frameworks */ = {isa = PBXBuildFile; fileRef = 23553FD51967405B00CE49CD /* XCTest.framework */; };
		23553FD71967405B00CE49CD /* Foundation.framework in Frameworks */ = {isa = PBXBuildFile; fileRef = 23553FB71967405B00CE49CD /* Foundation.framework */; };
		23553FD81967405B00CE49CD /* UIKit.framework in Frameworks */ = {isa = PBXBuildFile; fileRef = 23553FBB1967405B00CE49CD /* UIKit.framework */; };
		23553FD91967405B00CE49CD /* CoreData.framework in Frameworks */ = {isa = PBXBuildFile; fileRef = 23553FBD1967405B00CE49CD /* CoreData.framework */; };
		23553FE11967405B00CE49CD /* InfoPlist.strings in Resources */ = {isa = PBXBuildFile; fileRef = 23553FDF1967405B00CE49CD /* InfoPlist.strings */; };
		23553FE31967405B00CE49CD /* RollCallTests.m in Sources */ = {isa = PBXBuildFile; fileRef = 23553FE21967405B00CE49CD /* RollCallTests.m */; };
		235FE60C1974A32C005CDF1C /* RCNewGroupViewController.m in Sources */ = {isa = PBXBuildFile; fileRef = 235FE60B1974A32C005CDF1C /* RCNewGroupViewController.m */; };
		236FB6001981E84600884ABD /* RCNewRollCallViewController.m in Sources */ = {isa = PBXBuildFile; fileRef = 236FB5FF1981E84600884ABD /* RCNewRollCallViewController.m */; };
		239EBF3E19771B100075B3CB /* RCResponsesViewController.m in Sources */ = {isa = PBXBuildFile; fileRef = 239EBF3D19771B100075B3CB /* RCResponsesViewController.m */; };
		23C9AA4E1980AB9100498D07 /* RCContactTableViewCell.m in Sources */ = {isa = PBXBuildFile; fileRef = 23C9AA4D1980AB9100498D07 /* RCContactTableViewCell.m */; };
		23D301A9197743DF00814C1E /* RCThumbnailCollectionCell.m in Sources */ = {isa = PBXBuildFile; fileRef = 23D301A8197743DF00814C1E /* RCThumbnailCollectionCell.m */; };
		23F6851219709E0B009C2F56 /* RCRollCallsViewController.m in Sources */ = {isa = PBXBuildFile; fileRef = 23F6851119709E0B009C2F56 /* RCRollCallsViewController.m */; };
		23F685151970A633009C2F56 /* RCRollCallTableViewCell.m in Sources */ = {isa = PBXBuildFile; fileRef = 23F685141970A633009C2F56 /* RCRollCallTableViewCell.m */; };
		23F685181970A67E009C2F56 /* RCPreviewCollectionCell.m in Sources */ = {isa = PBXBuildFile; fileRef = 23F685171970A67E009C2F56 /* RCPreviewCollectionCell.m */; };
		C892E7F91972DAC50078762F /* RCGroup.m in Sources */ = {isa = PBXBuildFile; fileRef = C892E7F81972DAC50078762F /* RCGroup.m */; };
		C892E7FC1972DAE20078762F /* RCImage.m in Sources */ = {isa = PBXBuildFile; fileRef = C892E7FB1972DAE20078762F /* RCImage.m */; };
		C892E7FF1972DB090078762F /* RCLike.m in Sources */ = {isa = PBXBuildFile; fileRef = C892E7FE1972DB090078762F /* RCLike.m */; };
		C892E8021972DB300078762F /* RCLocation.m in Sources */ = {isa = PBXBuildFile; fileRef = C892E8011972DB300078762F /* RCLocation.m */; };
		C892E8051972DB850078762F /* RCRollCall.m in Sources */ = {isa = PBXBuildFile; fileRef = C892E8041972DB850078762F /* RCRollCall.m */; };
		C89637B11987599F0088FD22 /* RCDebugHelper.m in Sources */ = {isa = PBXBuildFile; fileRef = C89637B01987599F0088FD22 /* RCDebugHelper.m */; };
		C8E6EC8E196CFAD900DAEE73 /* RCGroupsViewController.m in Sources */ = {isa = PBXBuildFile; fileRef = C8E6EC87196CFAD900DAEE73 /* RCGroupsViewController.m */; };
		C8E6EC90196CFAD900DAEE73 /* RCSettingsViewController.m in Sources */ = {isa = PBXBuildFile; fileRef = C8E6EC8B196CFAD900DAEE73 /* RCSettingsViewController.m */; };
		C8E6EC91196CFAD900DAEE73 /* RCSplashViewController.m in Sources */ = {isa = PBXBuildFile; fileRef = C8E6EC8D196CFAD900DAEE73 /* RCSplashViewController.m */; };
		C8E6EC98196CFB2200DAEE73 /* RCLocationManager.m in Sources */ = {isa = PBXBuildFile; fileRef = C8E6EC95196CFB2200DAEE73 /* RCLocationManager.m */; };
		C8E6EC99196CFB2200DAEE73 /* RCNetworkManager.m in Sources */ = {isa = PBXBuildFile; fileRef = C8E6EC97196CFB2200DAEE73 /* RCNetworkManager.m */; };
		C8E6EC9D196CFB3600DAEE73 /* RCSession.m in Sources */ = {isa = PBXBuildFile; fileRef = C8E6EC9C196CFB3600DAEE73 /* RCSession.m */; };
		C8E6ECA2196CFB5600DAEE73 /* RCUser.m in Sources */ = {isa = PBXBuildFile; fileRef = C8E6EC9F196CFB5600DAEE73 /* RCUser.m */; };
		C8E6ECA3196CFB5600DAEE73 /* RollCall.xcdatamodeld in Sources */ = {isa = PBXBuildFile; fileRef = C8E6ECA0196CFB5600DAEE73 /* RollCall.xcdatamodeld */; };
		C8E6ECA7196CFB6D00DAEE73 /* main.m in Sources */ = {isa = PBXBuildFile; fileRef = C8E6ECA4196CFB6D00DAEE73 /* main.m */; };
		C8E6ECAA196E3CE600DAEE73 /* CoreLocation.framework in Frameworks */ = {isa = PBXBuildFile; fileRef = C8E6ECA9196E3CE600DAEE73 /* CoreLocation.framework */; };
		C8E6ECAD196F595400DAEE73 /* RCRecord.m in Sources */ = {isa = PBXBuildFile; fileRef = C8E6ECAC196F595400DAEE73 /* RCRecord.m */; };
		C8E6ECB7196FA6CF00DAEE73 /* NSUserDefaults+MPSecureUserDefaults.m in Sources */ = {isa = PBXBuildFile; fileRef = C8E6ECB5196FA6CF00DAEE73 /* NSUserDefaults+MPSecureUserDefaults.m */; };
/* End PBXBuildFile section */

/* Begin PBXContainerItemProxy section */
		23553FDA1967405B00CE49CD /* PBXContainerItemProxy */ = {
			isa = PBXContainerItemProxy;
			containerPortal = 23553FAC1967405B00CE49CD /* Project object */;
			proxyType = 1;
			remoteGlobalIDString = 23553FB31967405B00CE49CD;
			remoteInfo = RollCall;
		};
/* End PBXContainerItemProxy section */

/* Begin PBXFileReference section */
		2315C0A719703E1600ABA433 /* RCGroupTableViewCell.h */ = {isa = PBXFileReference; fileEncoding = 4; lastKnownFileType = sourcecode.c.h; name = RCGroupTableViewCell.h; path = "Views/Table View Cells/RCGroupTableViewCell.h"; sourceTree = "<group>"; };
		2315C0A819703E1600ABA433 /* RCGroupTableViewCell.m */ = {isa = PBXFileReference; fileEncoding = 4; lastKnownFileType = sourcecode.c.objc; name = RCGroupTableViewCell.m; path = "Views/Table View Cells/RCGroupTableViewCell.m"; sourceTree = "<group>"; };
		2315C0B31970763A00ABA433 /* RCServer.h */ = {isa = PBXFileReference; fileEncoding = 4; lastKnownFileType = sourcecode.c.h; name = RCServer.h; path = Communication/RCServer.h; sourceTree = "<group>"; };
		2315C0B41970763A00ABA433 /* RCServer.m */ = {isa = PBXFileReference; fileEncoding = 4; lastKnownFileType = sourcecode.c.objc; name = RCServer.m; path = Communication/RCServer.m; sourceTree = "<group>"; };
		23553FB41967405B00CE49CD /* RollCall.app */ = {isa = PBXFileReference; explicitFileType = wrapper.application; includeInIndex = 0; path = RollCall.app; sourceTree = BUILT_PRODUCTS_DIR; };
		23553FB71967405B00CE49CD /* Foundation.framework */ = {isa = PBXFileReference; lastKnownFileType = wrapper.framework; name = Foundation.framework; path = System/Library/Frameworks/Foundation.framework; sourceTree = SDKROOT; };
		23553FB91967405B00CE49CD /* CoreGraphics.framework */ = {isa = PBXFileReference; lastKnownFileType = wrapper.framework; name = CoreGraphics.framework; path = System/Library/Frameworks/CoreGraphics.framework; sourceTree = SDKROOT; };
		23553FBB1967405B00CE49CD /* UIKit.framework */ = {isa = PBXFileReference; lastKnownFileType = wrapper.framework; name = UIKit.framework; path = System/Library/Frameworks/UIKit.framework; sourceTree = SDKROOT; };
		23553FBD1967405B00CE49CD /* CoreData.framework */ = {isa = PBXFileReference; lastKnownFileType = wrapper.framework; name = CoreData.framework; path = System/Library/Frameworks/CoreData.framework; sourceTree = SDKROOT; };
		23553FC31967405B00CE49CD /* en */ = {isa = PBXFileReference; lastKnownFileType = text.plist.strings; name = en; path = en.lproj/InfoPlist.strings; sourceTree = "<group>"; };
		23553FC81967405B00CE49CD /* AppDelegate.h */ = {isa = PBXFileReference; lastKnownFileType = sourcecode.c.h; path = AppDelegate.h; sourceTree = "<group>"; };
		23553FC91967405B00CE49CD /* AppDelegate.m */ = {isa = PBXFileReference; lastKnownFileType = sourcecode.c.objc; path = AppDelegate.m; sourceTree = "<group>"; };
		23553FCE1967405B00CE49CD /* Images.xcassets */ = {isa = PBXFileReference; lastKnownFileType = folder.assetcatalog; path = Images.xcassets; sourceTree = "<group>"; };
		23553FD41967405B00CE49CD /* RollCallTests.xctest */ = {isa = PBXFileReference; explicitFileType = wrapper.cfbundle; includeInIndex = 0; path = RollCallTests.xctest; sourceTree = BUILT_PRODUCTS_DIR; };
		23553FD51967405B00CE49CD /* XCTest.framework */ = {isa = PBXFileReference; lastKnownFileType = wrapper.framework; name = XCTest.framework; path = Library/Frameworks/XCTest.framework; sourceTree = DEVELOPER_DIR; };
		23553FDE1967405B00CE49CD /* RollCallTests-Info.plist */ = {isa = PBXFileReference; lastKnownFileType = text.plist.xml; path = "RollCallTests-Info.plist"; sourceTree = "<group>"; };
		23553FE01967405B00CE49CD /* en */ = {isa = PBXFileReference; lastKnownFileType = text.plist.strings; name = en; path = en.lproj/InfoPlist.strings; sourceTree = "<group>"; };
		23553FE21967405B00CE49CD /* RollCallTests.m */ = {isa = PBXFileReference; lastKnownFileType = sourcecode.c.objc; path = RollCallTests.m; sourceTree = "<group>"; };
		235FE60A1974A32C005CDF1C /* RCNewGroupViewController.h */ = {isa = PBXFileReference; fileEncoding = 4; lastKnownFileType = sourcecode.c.h; name = RCNewGroupViewController.h; path = ViewControllers/RCNewGroupViewController.h; sourceTree = "<group>"; };
		235FE60B1974A32C005CDF1C /* RCNewGroupViewController.m */ = {isa = PBXFileReference; fileEncoding = 4; lastKnownFileType = sourcecode.c.objc; name = RCNewGroupViewController.m; path = ViewControllers/RCNewGroupViewController.m; sourceTree = "<group>"; };
		236FB5FE1981E84600884ABD /* RCNewRollCallViewController.h */ = {isa = PBXFileReference; fileEncoding = 4; lastKnownFileType = sourcecode.c.h; path = RCNewRollCallViewController.h; sourceTree = "<group>"; };
		236FB5FF1981E84600884ABD /* RCNewRollCallViewController.m */ = {isa = PBXFileReference; fileEncoding = 4; lastKnownFileType = sourcecode.c.objc; path = RCNewRollCallViewController.m; sourceTree = "<group>"; };
		239EBF3C19771B100075B3CB /* RCResponsesViewController.h */ = {isa = PBXFileReference; fileEncoding = 4; lastKnownFileType = sourcecode.c.h; path = RCResponsesViewController.h; sourceTree = "<group>"; };
		239EBF3D19771B100075B3CB /* RCResponsesViewController.m */ = {isa = PBXFileReference; fileEncoding = 4; lastKnownFileType = sourcecode.c.objc; path = RCResponsesViewController.m; sourceTree = "<group>"; };
		23C9AA4C1980AB9100498D07 /* RCContactTableViewCell.h */ = {isa = PBXFileReference; fileEncoding = 4; lastKnownFileType = sourcecode.c.h; name = RCContactTableViewCell.h; path = "Views/Table View Cells/RCContactTableViewCell.h"; sourceTree = "<group>"; };
		23C9AA4D1980AB9100498D07 /* RCContactTableViewCell.m */ = {isa = PBXFileReference; fileEncoding = 4; lastKnownFileType = sourcecode.c.objc; name = RCContactTableViewCell.m; path = "Views/Table View Cells/RCContactTableViewCell.m"; sourceTree = "<group>"; };
		23D301A7197743DF00814C1E /* RCThumbnailCollectionCell.h */ = {isa = PBXFileReference; fileEncoding = 4; lastKnownFileType = sourcecode.c.h; path = RCThumbnailCollectionCell.h; sourceTree = "<group>"; };
		23D301A8197743DF00814C1E /* RCThumbnailCollectionCell.m */ = {isa = PBXFileReference; fileEncoding = 4; lastKnownFileType = sourcecode.c.objc; path = RCThumbnailCollectionCell.m; sourceTree = "<group>"; };
		23F6851019709E0B009C2F56 /* RCRollCallsViewController.h */ = {isa = PBXFileReference; fileEncoding = 4; lastKnownFileType = sourcecode.c.h; name = RCRollCallsViewController.h; path = ViewControllers/RCRollCallsViewController.h; sourceTree = "<group>"; };
		23F6851119709E0B009C2F56 /* RCRollCallsViewController.m */ = {isa = PBXFileReference; fileEncoding = 4; lastKnownFileType = sourcecode.c.objc; name = RCRollCallsViewController.m; path = ViewControllers/RCRollCallsViewController.m; sourceTree = "<group>"; };
		23F685131970A633009C2F56 /* RCRollCallTableViewCell.h */ = {isa = PBXFileReference; fileEncoding = 4; lastKnownFileType = sourcecode.c.h; name = RCRollCallTableViewCell.h; path = "Views/Table View Cells/RCRollCallTableViewCell.h"; sourceTree = "<group>"; };
		23F685141970A633009C2F56 /* RCRollCallTableViewCell.m */ = {isa = PBXFileReference; fileEncoding = 4; lastKnownFileType = sourcecode.c.objc; name = RCRollCallTableViewCell.m; path = "Views/Table View Cells/RCRollCallTableViewCell.m"; sourceTree = "<group>"; };
		23F685161970A67E009C2F56 /* RCPreviewCollectionCell.h */ = {isa = PBXFileReference; fileEncoding = 4; lastKnownFileType = sourcecode.c.h; name = RCPreviewCollectionCell.h; path = "Views/Collection View Cells/RCPreviewCollectionCell.h"; sourceTree = "<group>"; };
		23F685171970A67E009C2F56 /* RCPreviewCollectionCell.m */ = {isa = PBXFileReference; fileEncoding = 4; lastKnownFileType = sourcecode.c.objc; name = RCPreviewCollectionCell.m; path = "Views/Collection View Cells/RCPreviewCollectionCell.m"; sourceTree = "<group>"; };
		4B8C3DF46FA541FFB1819743 /* libPods-RollCall.a */ = {isa = PBXFileReference; explicitFileType = archive.ar; includeInIndex = 0; path = "libPods-RollCall.a"; sourceTree = BUILT_PRODUCTS_DIR; };
		AD06B5FAE8FD4EE3AB9B4C5D /* Pods-RollCall.xcconfig */ = {isa = PBXFileReference; includeInIndex = 1; lastKnownFileType = text.xcconfig; name = "Pods-RollCall.xcconfig"; path = "Pods/Pods-RollCall.xcconfig"; sourceTree = "<group>"; };
		C892E7F71972DAC50078762F /* RCGroup.h */ = {isa = PBXFileReference; fileEncoding = 4; lastKnownFileType = sourcecode.c.h; name = RCGroup.h; path = Models/RCGroup.h; sourceTree = "<group>"; };
		C892E7F81972DAC50078762F /* RCGroup.m */ = {isa = PBXFileReference; fileEncoding = 4; lastKnownFileType = sourcecode.c.objc; name = RCGroup.m; path = Models/RCGroup.m; sourceTree = "<group>"; };
		C892E7FA1972DAE20078762F /* RCImage.h */ = {isa = PBXFileReference; fileEncoding = 4; lastKnownFileType = sourcecode.c.h; path = RCImage.h; sourceTree = "<group>"; };
		C892E7FB1972DAE20078762F /* RCImage.m */ = {isa = PBXFileReference; fileEncoding = 4; lastKnownFileType = sourcecode.c.objc; path = RCImage.m; sourceTree = "<group>"; };
		C892E7FD1972DB090078762F /* RCLike.h */ = {isa = PBXFileReference; fileEncoding = 4; lastKnownFileType = sourcecode.c.h; name = RCLike.h; path = Models/RCLike.h; sourceTree = "<group>"; };
		C892E7FE1972DB090078762F /* RCLike.m */ = {isa = PBXFileReference; fileEncoding = 4; lastKnownFileType = sourcecode.c.objc; name = RCLike.m; path = Models/RCLike.m; sourceTree = "<group>"; };
		C892E8001972DB300078762F /* RCLocation.h */ = {isa = PBXFileReference; fileEncoding = 4; lastKnownFileType = sourcecode.c.h; path = RCLocation.h; sourceTree = "<group>"; };
		C892E8011972DB300078762F /* RCLocation.m */ = {isa = PBXFileReference; fileEncoding = 4; lastKnownFileType = sourcecode.c.objc; path = RCLocation.m; sourceTree = "<group>"; };
		C892E8031972DB850078762F /* RCRollCall.h */ = {isa = PBXFileReference; fileEncoding = 4; lastKnownFileType = sourcecode.c.h; path = RCRollCall.h; sourceTree = "<group>"; };
		C892E8041972DB850078762F /* RCRollCall.m */ = {isa = PBXFileReference; fileEncoding = 4; lastKnownFileType = sourcecode.c.objc; path = RCRollCall.m; sourceTree = "<group>"; };
		C89637AF1987599F0088FD22 /* RCDebugHelper.h */ = {isa = PBXFileReference; fileEncoding = 4; lastKnownFileType = sourcecode.c.h; name = RCDebugHelper.h; path = Helpers/RCDebugHelper.h; sourceTree = "<group>"; };
		C89637B01987599F0088FD22 /* RCDebugHelper.m */ = {isa = PBXFileReference; fileEncoding = 4; lastKnownFileType = sourcecode.c.objc; name = RCDebugHelper.m; path = Helpers/RCDebugHelper.m; sourceTree = "<group>"; };
		C8E6EC86196CFAD900DAEE73 /* RCGroupsViewController.h */ = {isa = PBXFileReference; fileEncoding = 4; lastKnownFileType = sourcecode.c.h; name = RCGroupsViewController.h; path = ViewControllers/RCGroupsViewController.h; sourceTree = "<group>"; };
		C8E6EC87196CFAD900DAEE73 /* RCGroupsViewController.m */ = {isa = PBXFileReference; fileEncoding = 4; lastKnownFileType = sourcecode.c.objc; name = RCGroupsViewController.m; path = ViewControllers/RCGroupsViewController.m; sourceTree = "<group>"; };
		C8E6EC8A196CFAD900DAEE73 /* RCSettingsViewController.h */ = {isa = PBXFileReference; fileEncoding = 4; lastKnownFileType = sourcecode.c.h; name = RCSettingsViewController.h; path = ViewControllers/RCSettingsViewController.h; sourceTree = "<group>"; };
		C8E6EC8B196CFAD900DAEE73 /* RCSettingsViewController.m */ = {isa = PBXFileReference; fileEncoding = 4; lastKnownFileType = sourcecode.c.objc; name = RCSettingsViewController.m; path = ViewControllers/RCSettingsViewController.m; sourceTree = "<group>"; };
		C8E6EC8C196CFAD900DAEE73 /* RCSplashViewController.h */ = {isa = PBXFileReference; fileEncoding = 4; lastKnownFileType = sourcecode.c.h; name = RCSplashViewController.h; path = ViewControllers/RCSplashViewController.h; sourceTree = "<group>"; };
		C8E6EC8D196CFAD900DAEE73 /* RCSplashViewController.m */ = {isa = PBXFileReference; fileEncoding = 4; lastKnownFileType = sourcecode.c.objc; name = RCSplashViewController.m; path = ViewControllers/RCSplashViewController.m; sourceTree = "<group>"; };
		C8E6EC94196CFB2200DAEE73 /* RCLocationManager.h */ = {isa = PBXFileReference; fileEncoding = 4; lastKnownFileType = sourcecode.c.h; name = RCLocationManager.h; path = Managers/RCLocationManager.h; sourceTree = "<group>"; };
		C8E6EC95196CFB2200DAEE73 /* RCLocationManager.m */ = {isa = PBXFileReference; fileEncoding = 4; lastKnownFileType = sourcecode.c.objc; name = RCLocationManager.m; path = Managers/RCLocationManager.m; sourceTree = "<group>"; };
		C8E6EC96196CFB2200DAEE73 /* RCNetworkManager.h */ = {isa = PBXFileReference; fileEncoding = 4; lastKnownFileType = sourcecode.c.h; name = RCNetworkManager.h; path = Managers/RCNetworkManager.h; sourceTree = "<group>"; };
		C8E6EC97196CFB2200DAEE73 /* RCNetworkManager.m */ = {isa = PBXFileReference; fileEncoding = 4; lastKnownFileType = sourcecode.c.objc; name = RCNetworkManager.m; path = Managers/RCNetworkManager.m; sourceTree = "<group>"; };
		C8E6EC9A196CFB3600DAEE73 /* RCConstants.h */ = {isa = PBXFileReference; fileEncoding = 4; lastKnownFileType = sourcecode.c.h; name = RCConstants.h; path = Helpers/RCConstants.h; sourceTree = "<group>"; };
		C8E6EC9B196CFB3600DAEE73 /* RCSession.h */ = {isa = PBXFileReference; fileEncoding = 4; lastKnownFileType = sourcecode.c.h; name = RCSession.h; path = Helpers/RCSession.h; sourceTree = "<group>"; };
		C8E6EC9C196CFB3600DAEE73 /* RCSession.m */ = {isa = PBXFileReference; fileEncoding = 4; lastKnownFileType = sourcecode.c.objc; name = RCSession.m; path = Helpers/RCSession.m; sourceTree = "<group>"; };
		C8E6EC9E196CFB5600DAEE73 /* RCUser.h */ = {isa = PBXFileReference; fileEncoding = 4; lastKnownFileType = sourcecode.c.h; name = RCUser.h; path = Models/RCUser.h; sourceTree = "<group>"; };
		C8E6EC9F196CFB5600DAEE73 /* RCUser.m */ = {isa = PBXFileReference; fileEncoding = 4; lastKnownFileType = sourcecode.c.objc; name = RCUser.m; path = Models/RCUser.m; sourceTree = "<group>"; };
		C8E6ECA1196CFB5600DAEE73 /* RollCall.xcdatamodel */ = {isa = PBXFileReference; lastKnownFileType = wrapper.xcdatamodel; path = RollCall.xcdatamodel; sourceTree = "<group>"; };
		C8E6ECA4196CFB6D00DAEE73 /* main.m */ = {isa = PBXFileReference; fileEncoding = 4; lastKnownFileType = sourcecode.c.objc; name = main.m; path = "Supporting Files/main.m"; sourceTree = "<group>"; };
		C8E6ECA5196CFB6D00DAEE73 /* RollCall-Info.plist */ = {isa = PBXFileReference; fileEncoding = 4; lastKnownFileType = text.plist.xml; name = "RollCall-Info.plist"; path = "Supporting Files/RollCall-Info.plist"; sourceTree = "<group>"; };
		C8E6ECA6196CFB6D00DAEE73 /* RollCall-Prefix.pch */ = {isa = PBXFileReference; fileEncoding = 4; lastKnownFileType = sourcecode.c.h; name = "RollCall-Prefix.pch"; path = "Supporting Files/RollCall-Prefix.pch"; sourceTree = "<group>"; };
		C8E6ECA9196E3CE600DAEE73 /* CoreLocation.framework */ = {isa = PBXFileReference; lastKnownFileType = wrapper.framework; name = CoreLocation.framework; path = System/Library/Frameworks/CoreLocation.framework; sourceTree = SDKROOT; };
		C8E6ECAB196F595400DAEE73 /* RCRecord.h */ = {isa = PBXFileReference; fileEncoding = 4; lastKnownFileType = sourcecode.c.h; name = RCRecord.h; path = Models/RCRecord.h; sourceTree = "<group>"; };
		C8E6ECAC196F595400DAEE73 /* RCRecord.m */ = {isa = PBXFileReference; fileEncoding = 4; lastKnownFileType = sourcecode.c.objc; name = RCRecord.m; path = Models/RCRecord.m; sourceTree = "<group>"; };
		C8E6ECB4196FA6CF00DAEE73 /* NSUserDefaults+MPSecureUserDefaults.h */ = {isa = PBXFileReference; fileEncoding = 4; lastKnownFileType = sourcecode.c.h; path = "NSUserDefaults+MPSecureUserDefaults.h"; sourceTree = "<group>"; };
		C8E6ECB5196FA6CF00DAEE73 /* NSUserDefaults+MPSecureUserDefaults.m */ = {isa = PBXFileReference; fileEncoding = 4; lastKnownFileType = sourcecode.c.objc; path = "NSUserDefaults+MPSecureUserDefaults.m"; sourceTree = "<group>"; };
/* End PBXFileReference section */

/* Begin PBXFrameworksBuildPhase section */
		23553FB11967405B00CE49CD /* Frameworks */ = {
			isa = PBXFrameworksBuildPhase;
			buildActionMask = 2147483647;
			files = (
				C8E6ECAA196E3CE600DAEE73 /* CoreLocation.framework in Frameworks */,
				23553FBA1967405B00CE49CD /* CoreGraphics.framework in Frameworks */,
				23553FBE1967405B00CE49CD /* CoreData.framework in Frameworks */,
				23553FBC1967405B00CE49CD /* UIKit.framework in Frameworks */,
				23553FB81967405B00CE49CD /* Foundation.framework in Frameworks */,
				1C7262B157AB4BA89E263785 /* libPods-RollCall.a in Frameworks */,
			);
			runOnlyForDeploymentPostprocessing = 0;
		};
		23553FD11967405B00CE49CD /* Frameworks */ = {
			isa = PBXFrameworksBuildPhase;
			buildActionMask = 2147483647;
			files = (
				23553FD61967405B00CE49CD /* XCTest.framework in Frameworks */,
				23553FD91967405B00CE49CD /* CoreData.framework in Frameworks */,
				23553FD81967405B00CE49CD /* UIKit.framework in Frameworks */,
				23553FD71967405B00CE49CD /* Foundation.framework in Frameworks */,
			);
			runOnlyForDeploymentPostprocessing = 0;
		};
/* End PBXFrameworksBuildPhase section */

/* Begin PBXGroup section */
		2315C0A219703D0000ABA433 /* Table View Cells */ = {
			isa = PBXGroup;
			children = (
				2315C0A719703E1600ABA433 /* RCGroupTableViewCell.h */,
				2315C0A819703E1600ABA433 /* RCGroupTableViewCell.m */,
				23F685131970A633009C2F56 /* RCRollCallTableViewCell.h */,
				23F685141970A633009C2F56 /* RCRollCallTableViewCell.m */,
				23C9AA4C1980AB9100498D07 /* RCContactTableViewCell.h */,
				23C9AA4D1980AB9100498D07 /* RCContactTableViewCell.m */,
			);
			name = "Table View Cells";
			sourceTree = "<group>";
		};
		2315C0A319703D0A00ABA433 /* Collection View Cells */ = {
			isa = PBXGroup;
			children = (
				23F685161970A67E009C2F56 /* RCPreviewCollectionCell.h */,
				23F685171970A67E009C2F56 /* RCPreviewCollectionCell.m */,
				23D301A7197743DF00814C1E /* RCThumbnailCollectionCell.h */,
				23D301A8197743DF00814C1E /* RCThumbnailCollectionCell.m */,
			);
			name = "Collection View Cells";
			sourceTree = "<group>";
		};
		23553FAB1967405B00CE49CD = {
			isa = PBXGroup;
			children = (
				23553FBF1967405B00CE49CD /* RollCall */,
				23553FDC1967405B00CE49CD /* RollCallTests */,
				23553FB61967405B00CE49CD /* Frameworks */,
				23553FB51967405B00CE49CD /* Products */,
				AD06B5FAE8FD4EE3AB9B4C5D /* Pods-RollCall.xcconfig */,
			);
			sourceTree = "<group>";
		};
		23553FB51967405B00CE49CD /* Products */ = {
			isa = PBXGroup;
			children = (
				23553FB41967405B00CE49CD /* RollCall.app */,
				23553FD41967405B00CE49CD /* RollCallTests.xctest */,
			);
			name = Products;
			sourceTree = "<group>";
		};
		23553FB61967405B00CE49CD /* Frameworks */ = {
			isa = PBXGroup;
			children = (
				C8E6ECA9196E3CE600DAEE73 /* CoreLocation.framework */,
				23553FB71967405B00CE49CD /* Foundation.framework */,
				23553FB91967405B00CE49CD /* CoreGraphics.framework */,
				23553FBB1967405B00CE49CD /* UIKit.framework */,
				23553FBD1967405B00CE49CD /* CoreData.framework */,
				23553FD51967405B00CE49CD /* XCTest.framework */,
				4B8C3DF46FA541FFB1819743 /* libPods-RollCall.a */,
			);
			name = Frameworks;
			sourceTree = "<group>";
		};
		23553FBF1967405B00CE49CD /* RollCall */ = {
			isa = PBXGroup;
			children = (
				23553FC81967405B00CE49CD /* AppDelegate.h */,
				23553FC91967405B00CE49CD /* AppDelegate.m */,
				23553FCE1967405B00CE49CD /* Images.xcassets */,
				C8E6ECB1196F5B5E00DAEE73 /* Communication */,
				23553FED196740A600CE49CD /* View Controllers */,
				23553FEC196740A000CE49CD /* Views */,
				23553FF11967426100CE49CD /* 3rd Party */,
				C8E6EC7F196BAAB100DAEE73 /* Managers */,
				23553FF01967425100CE49CD /* Helpers */,
				23553FEF1967423D00CE49CD /* Models */,
				23553FEE196740B800CE49CD /* Categories */,
				23553FC01967405B00CE49CD /* Supporting Files */,
			);
			path = RollCall;
			sourceTree = "<group>";
		};
		23553FC01967405B00CE49CD /* Supporting Files */ = {
			isa = PBXGroup;
			children = (
				C8E6ECA4196CFB6D00DAEE73 /* main.m */,
				C8E6ECA5196CFB6D00DAEE73 /* RollCall-Info.plist */,
				C8E6ECA6196CFB6D00DAEE73 /* RollCall-Prefix.pch */,
				23553FC21967405B00CE49CD /* InfoPlist.strings */,
			);
			name = "Supporting Files";
			sourceTree = "<group>";
		};
		23553FDC1967405B00CE49CD /* RollCallTests */ = {
			isa = PBXGroup;
			children = (
				23553FE21967405B00CE49CD /* RollCallTests.m */,
				23553FDD1967405B00CE49CD /* Supporting Files */,
			);
			path = RollCallTests;
			sourceTree = "<group>";
		};
		23553FDD1967405B00CE49CD /* Supporting Files */ = {
			isa = PBXGroup;
			children = (
				23553FDE1967405B00CE49CD /* RollCallTests-Info.plist */,
				23553FDF1967405B00CE49CD /* InfoPlist.strings */,
			);
			name = "Supporting Files";
			sourceTree = "<group>";
		};
		23553FEC196740A000CE49CD /* Views */ = {
			isa = PBXGroup;
			children = (
				2315C0A319703D0A00ABA433 /* Collection View Cells */,
				2315C0A219703D0000ABA433 /* Table View Cells */,
			);
			name = Views;
			sourceTree = "<group>";
		};
		23553FED196740A600CE49CD /* View Controllers */ = {
			isa = PBXGroup;
			children = (
				C8E6EC86196CFAD900DAEE73 /* RCGroupsViewController.h */,
				C8E6EC87196CFAD900DAEE73 /* RCGroupsViewController.m */,
				23F6851019709E0B009C2F56 /* RCRollCallsViewController.h */,
				23F6851119709E0B009C2F56 /* RCRollCallsViewController.m */,
				239EBF3C19771B100075B3CB /* RCResponsesViewController.h */,
				239EBF3D19771B100075B3CB /* RCResponsesViewController.m */,
				C8E6EC8A196CFAD900DAEE73 /* RCSettingsViewController.h */,
				C8E6EC8B196CFAD900DAEE73 /* RCSettingsViewController.m */,
				C8E6EC8C196CFAD900DAEE73 /* RCSplashViewController.h */,
				C8E6EC8D196CFAD900DAEE73 /* RCSplashViewController.m */,
				236FB5FD1981E82300884ABD /* Creation */,
			);
			name = "View Controllers";
			sourceTree = "<group>";
		};
		23553FEE196740B800CE49CD /* Categories */ = {
			isa = PBXGroup;
			children = (
			);
			name = Categories;
			sourceTree = "<group>";
		};
		23553FEF1967423D00CE49CD /* Models */ = {
			isa = PBXGroup;
			children = (
				C8E6ECA0196CFB5600DAEE73 /* RollCall.xcdatamodeld */,
				C892E8031972DB850078762F /* RCRollCall.h */,
				C892E8041972DB850078762F /* RCRollCall.m */,
				C892E8001972DB300078762F /* RCLocation.h */,
				C892E8011972DB300078762F /* RCLocation.m */,
				C892E7FA1972DAE20078762F /* RCImage.h */,
				C892E7FB1972DAE20078762F /* RCImage.m */,
				C892E7FD1972DB090078762F /* RCLike.h */,
				C892E7FE1972DB090078762F /* RCLike.m */,
				C8E6EC9E196CFB5600DAEE73 /* RCUser.h */,
				C8E6EC9F196CFB5600DAEE73 /* RCUser.m */,
				C892E7F71972DAC50078762F /* RCGroup.h */,
				C892E7F81972DAC50078762F /* RCGroup.m */,
				C8E6ECAB196F595400DAEE73 /* RCRecord.h */,
				C8E6ECAC196F595400DAEE73 /* RCRecord.m */,
			);
			name = Models;
			sourceTree = "<group>";
		};
		23553FF01967425100CE49CD /* Helpers */ = {
			isa = PBXGroup;
			children = (
				C89637AF1987599F0088FD22 /* RCDebugHelper.h */,
				C89637B01987599F0088FD22 /* RCDebugHelper.m */,
				C8E6EC9A196CFB3600DAEE73 /* RCConstants.h */,
				C8E6EC9B196CFB3600DAEE73 /* RCSession.h */,
				C8E6EC9C196CFB3600DAEE73 /* RCSession.m */,
			);
			name = Helpers;
			sourceTree = "<group>";
		};
		23553FF11967426100CE49CD /* 3rd Party */ = {
			isa = PBXGroup;
			children = (
				C8E6ECB2196FA6CF00DAEE73 /* Secure-NSUserDefaults */,
			);
			name = "3rd Party";
			sourceTree = "<group>";
		};
		236FB5FD1981E82300884ABD /* Creation */ = {
			isa = PBXGroup;
			children = (
				235FE60A1974A32C005CDF1C /* RCNewGroupViewController.h */,
				235FE60B1974A32C005CDF1C /* RCNewGroupViewController.m */,
				236FB5FE1981E84600884ABD /* RCNewRollCallViewController.h */,
				236FB5FF1981E84600884ABD /* RCNewRollCallViewController.m */,
			);
			name = Creation;
			sourceTree = "<group>";
		};
		C8E6EC7F196BAAB100DAEE73 /* Managers */ = {
			isa = PBXGroup;
			children = (
				C8E6EC94196CFB2200DAEE73 /* RCLocationManager.h */,
				C8E6EC95196CFB2200DAEE73 /* RCLocationManager.m */,
				C8E6EC96196CFB2200DAEE73 /* RCNetworkManager.h */,
				C8E6EC97196CFB2200DAEE73 /* RCNetworkManager.m */,
			);
			name = Managers;
			sourceTree = "<group>";
		};
		C8E6ECB1196F5B5E00DAEE73 /* Communication */ = {
			isa = PBXGroup;
			children = (
				2315C0B31970763A00ABA433 /* RCServer.h */,
				2315C0B41970763A00ABA433 /* RCServer.m */,
			);
			name = Communication;
			sourceTree = "<group>";
		};
		C8E6ECB2196FA6CF00DAEE73 /* Secure-NSUserDefaults */ = {
			isa = PBXGroup;
			children = (
				C8E6ECB4196FA6CF00DAEE73 /* NSUserDefaults+MPSecureUserDefaults.h */,
				C8E6ECB5196FA6CF00DAEE73 /* NSUserDefaults+MPSecureUserDefaults.m */,
			);
			name = "Secure-NSUserDefaults";
			path = "3rdParty/Secure-NSUserDefaults";
			sourceTree = "<group>";
		};
/* End PBXGroup section */

/* Begin PBXNativeTarget section */
		23553FB31967405B00CE49CD /* RollCall */ = {
			isa = PBXNativeTarget;
			buildConfigurationList = 23553FE61967405B00CE49CD /* Build configuration list for PBXNativeTarget "RollCall" */;
			buildPhases = (
				0F222C08201C402B832ABFF1 /* Check Pods Manifest.lock */,
				23553FB01967405B00CE49CD /* Sources */,
				23553FB11967405B00CE49CD /* Frameworks */,
				23553FB21967405B00CE49CD /* Resources */,
				5401514391DC445EA7852FEF /* Copy Pods Resources */,
			);
			buildRules = (
			);
			dependencies = (
			);
			name = RollCall;
			productName = RollCall;
			productReference = 23553FB41967405B00CE49CD /* RollCall.app */;
			productType = "com.apple.product-type.application";
		};
		23553FD31967405B00CE49CD /* RollCallTests */ = {
			isa = PBXNativeTarget;
			buildConfigurationList = 23553FE91967405B00CE49CD /* Build configuration list for PBXNativeTarget "RollCallTests" */;
			buildPhases = (
				23553FD01967405B00CE49CD /* Sources */,
				23553FD11967405B00CE49CD /* Frameworks */,
				23553FD21967405B00CE49CD /* Resources */,
			);
			buildRules = (
			);
			dependencies = (
				23553FDB1967405B00CE49CD /* PBXTargetDependency */,
			);
			name = RollCallTests;
			productName = RollCallTests;
			productReference = 23553FD41967405B00CE49CD /* RollCallTests.xctest */;
			productType = "com.apple.product-type.bundle.unit-test";
		};
/* End PBXNativeTarget section */

/* Begin PBXProject section */
		23553FAC1967405B00CE49CD /* Project object */ = {
			isa = PBXProject;
			attributes = {
				CLASSPREFIX = RC;
				LastUpgradeCheck = 0510;
				ORGANIZATIONNAME = "";
				TargetAttributes = {
					23553FD31967405B00CE49CD = {
						TestTargetID = 23553FB31967405B00CE49CD;
					};
				};
			};
			buildConfigurationList = 23553FAF1967405B00CE49CD /* Build configuration list for PBXProject "RollCall" */;
			compatibilityVersion = "Xcode 3.2";
			developmentRegion = English;
			hasScannedForEncodings = 0;
			knownRegions = (
				en,
			);
			mainGroup = 23553FAB1967405B00CE49CD;
			productRefGroup = 23553FB51967405B00CE49CD /* Products */;
			projectDirPath = "";
			projectRoot = "";
			targets = (
				23553FB31967405B00CE49CD /* RollCall */,
				23553FD31967405B00CE49CD /* RollCallTests */,
			);
		};
/* End PBXProject section */

/* Begin PBXResourcesBuildPhase section */
		23553FB21967405B00CE49CD /* Resources */ = {
			isa = PBXResourcesBuildPhase;
			buildActionMask = 2147483647;
			files = (
				23553FC41967405B00CE49CD /* InfoPlist.strings in Resources */,
				23553FCF1967405B00CE49CD /* Images.xcassets in Resources */,
			);
			runOnlyForDeploymentPostprocessing = 0;
		};
		23553FD21967405B00CE49CD /* Resources */ = {
			isa = PBXResourcesBuildPhase;
			buildActionMask = 2147483647;
			files = (
				23553FE11967405B00CE49CD /* InfoPlist.strings in Resources */,
			);
			runOnlyForDeploymentPostprocessing = 0;
		};
/* End PBXResourcesBuildPhase section */

/* Begin PBXShellScriptBuildPhase section */
		0F222C08201C402B832ABFF1 /* Check Pods Manifest.lock */ = {
			isa = PBXShellScriptBuildPhase;
			buildActionMask = 2147483647;
			files = (
			);
			inputPaths = (
			);
			name = "Check Pods Manifest.lock";
			outputPaths = (
			);
			runOnlyForDeploymentPostprocessing = 0;
			shellPath = /bin/sh;
			shellScript = "diff \"${PODS_ROOT}/../Podfile.lock\" \"${PODS_ROOT}/Manifest.lock\" > /dev/null\nif [[ $? != 0 ]] ; then\n    cat << EOM\nerror: The sandbox is not in sync with the Podfile.lock. Run 'pod install' or update your CocoaPods installation.\nEOM\n    exit 1\nfi\n";
			showEnvVarsInLog = 0;
		};
		5401514391DC445EA7852FEF /* Copy Pods Resources */ = {
			isa = PBXShellScriptBuildPhase;
			buildActionMask = 2147483647;
			files = (
			);
			inputPaths = (
			);
			name = "Copy Pods Resources";
			outputPaths = (
			);
			runOnlyForDeploymentPostprocessing = 0;
			shellPath = /bin/sh;
			shellScript = "\"${SRCROOT}/Pods/Pods-RollCall-resources.sh\"\n";
			showEnvVarsInLog = 0;
		};
/* End PBXShellScriptBuildPhase section */

/* Begin PBXSourcesBuildPhase section */
		23553FB01967405B00CE49CD /* Sources */ = {
			isa = PBXSourcesBuildPhase;
			buildActionMask = 2147483647;
			files = (
				23F6851219709E0B009C2F56 /* RCRollCallsViewController.m in Sources */,
				23D301A9197743DF00814C1E /* RCThumbnailCollectionCell.m in Sources */,
				23553FCA1967405B00CE49CD /* AppDelegate.m in Sources */,
				236FB6001981E84600884ABD /* RCNewRollCallViewController.m in Sources */,
				C892E7FF1972DB090078762F /* RCLike.m in Sources */,
				C8E6EC91196CFAD900DAEE73 /* RCSplashViewController.m in Sources */,
				C8E6EC90196CFAD900DAEE73 /* RCSettingsViewController.m in Sources */,
				C8E6ECA3196CFB5600DAEE73 /* RollCall.xcdatamodeld in Sources */,
				C8E6EC98196CFB2200DAEE73 /* RCLocationManager.m in Sources */,
				2315C0A919703E1600ABA433 /* RCGroupTableViewCell.m in Sources */,
				C8E6ECB7196FA6CF00DAEE73 /* NSUserDefaults+MPSecureUserDefaults.m in Sources */,
				C8E6EC8E196CFAD900DAEE73 /* RCGroupsViewController.m in Sources */,
				C8E6EC99196CFB2200DAEE73 /* RCNetworkManager.m in Sources */,
				C8E6EC9D196CFB3600DAEE73 /* RCSession.m in Sources */,
				C892E8021972DB300078762F /* RCLocation.m in Sources */,
				C892E8051972DB850078762F /* RCRollCall.m in Sources */,
				239EBF3E19771B100075B3CB /* RCResponsesViewController.m in Sources */,
				C892E7FC1972DAE20078762F /* RCImage.m in Sources */,
				235FE60C1974A32C005CDF1C /* RCNewGroupViewController.m in Sources */,
				2315C0B51970763A00ABA433 /* RCServer.m in Sources */,
				23C9AA4E1980AB9100498D07 /* RCContactTableViewCell.m in Sources */,
				C892E7F91972DAC50078762F /* RCGroup.m in Sources */,
				C8E6ECAD196F595400DAEE73 /* RCRecord.m in Sources */,
				C8E6ECA7196CFB6D00DAEE73 /* main.m in Sources */,
				23F685151970A633009C2F56 /* RCRollCallTableViewCell.m in Sources */,
				C8E6ECA2196CFB5600DAEE73 /* RCUser.m in Sources */,
				C89637B11987599F0088FD22 /* RCDebugHelper.m in Sources */,
				23F685181970A67E009C2F56 /* RCPreviewCollectionCell.m in Sources */,
			);
			runOnlyForDeploymentPostprocessing = 0;
		};
		23553FD01967405B00CE49CD /* Sources */ = {
			isa = PBXSourcesBuildPhase;
			buildActionMask = 2147483647;
			files = (
				23553FE31967405B00CE49CD /* RollCallTests.m in Sources */,
			);
			runOnlyForDeploymentPostprocessing = 0;
		};
/* End PBXSourcesBuildPhase section */

/* Begin PBXTargetDependency section */
		23553FDB1967405B00CE49CD /* PBXTargetDependency */ = {
			isa = PBXTargetDependency;
			target = 23553FB31967405B00CE49CD /* RollCall */;
			targetProxy = 23553FDA1967405B00CE49CD /* PBXContainerItemProxy */;
		};
/* End PBXTargetDependency section */

/* Begin PBXVariantGroup section */
		23553FC21967405B00CE49CD /* InfoPlist.strings */ = {
			isa = PBXVariantGroup;
			children = (
				23553FC31967405B00CE49CD /* en */,
			);
			name = InfoPlist.strings;
			sourceTree = "<group>";
		};
		23553FDF1967405B00CE49CD /* InfoPlist.strings */ = {
			isa = PBXVariantGroup;
			children = (
				23553FE01967405B00CE49CD /* en */,
			);
			name = InfoPlist.strings;
			sourceTree = "<group>";
		};
/* End PBXVariantGroup section */

/* Begin XCBuildConfiguration section */
		23553FE41967405B00CE49CD /* Debug */ = {
			isa = XCBuildConfiguration;
			buildSettings = {
				ALWAYS_SEARCH_USER_PATHS = NO;
				CLANG_CXX_LANGUAGE_STANDARD = "gnu++0x";
				CLANG_CXX_LIBRARY = "libc++";
				CLANG_ENABLE_MODULES = YES;
				CLANG_ENABLE_OBJC_ARC = YES;
				CLANG_WARN_BOOL_CONVERSION = YES;
				CLANG_WARN_CONSTANT_CONVERSION = YES;
				CLANG_WARN_DIRECT_OBJC_ISA_USAGE = YES_ERROR;
				CLANG_WARN_EMPTY_BODY = YES;
				CLANG_WARN_ENUM_CONVERSION = YES;
				CLANG_WARN_INT_CONVERSION = YES;
				CLANG_WARN_OBJC_ROOT_CLASS = YES_ERROR;
				CLANG_WARN__DUPLICATE_METHOD_MATCH = YES;
				"CODE_SIGN_IDENTITY[sdk=iphoneos*]" = "iPhone Developer";
				COPY_PHASE_STRIP = NO;
				GCC_C_LANGUAGE_STANDARD = gnu99;
				GCC_DYNAMIC_NO_PIC = NO;
				GCC_OPTIMIZATION_LEVEL = 0;
				GCC_PREPROCESSOR_DEFINITIONS = (
					"DEBUG=1",
					"$(inherited)",
				);
				GCC_SYMBOLS_PRIVATE_EXTERN = NO;
				GCC_WARN_64_TO_32_BIT_CONVERSION = YES;
				GCC_WARN_ABOUT_RETURN_TYPE = YES_ERROR;
				GCC_WARN_UNDECLARED_SELECTOR = YES;
				GCC_WARN_UNINITIALIZED_AUTOS = YES_AGGRESSIVE;
				GCC_WARN_UNUSED_FUNCTION = YES;
				GCC_WARN_UNUSED_VARIABLE = YES;
				IPHONEOS_DEPLOYMENT_TARGET = 7.1;
				ONLY_ACTIVE_ARCH = YES;
				SDKROOT = iphoneos;
			};
			name = Debug;
		};
		23553FE51967405B00CE49CD /* Release */ = {
			isa = XCBuildConfiguration;
			buildSettings = {
				ALWAYS_SEARCH_USER_PATHS = NO;
				CLANG_CXX_LANGUAGE_STANDARD = "gnu++0x";
				CLANG_CXX_LIBRARY = "libc++";
				CLANG_ENABLE_MODULES = YES;
				CLANG_ENABLE_OBJC_ARC = YES;
				CLANG_WARN_BOOL_CONVERSION = YES;
				CLANG_WARN_CONSTANT_CONVERSION = YES;
				CLANG_WARN_DIRECT_OBJC_ISA_USAGE = YES_ERROR;
				CLANG_WARN_EMPTY_BODY = YES;
				CLANG_WARN_ENUM_CONVERSION = YES;
				CLANG_WARN_INT_CONVERSION = YES;
				CLANG_WARN_OBJC_ROOT_CLASS = YES_ERROR;
				CLANG_WARN__DUPLICATE_METHOD_MATCH = YES;
				"CODE_SIGN_IDENTITY[sdk=iphoneos*]" = "iPhone Developer";
				COPY_PHASE_STRIP = YES;
				ENABLE_NS_ASSERTIONS = NO;
				GCC_C_LANGUAGE_STANDARD = gnu99;
				GCC_WARN_64_TO_32_BIT_CONVERSION = YES;
				GCC_WARN_ABOUT_RETURN_TYPE = YES_ERROR;
				GCC_WARN_UNDECLARED_SELECTOR = YES;
				GCC_WARN_UNINITIALIZED_AUTOS = YES_AGGRESSIVE;
				GCC_WARN_UNUSED_FUNCTION = YES;
				GCC_WARN_UNUSED_VARIABLE = YES;
				IPHONEOS_DEPLOYMENT_TARGET = 7.1;
				SDKROOT = iphoneos;
				VALIDATE_PRODUCT = YES;
			};
			name = Release;
		};
		23553FE71967405B00CE49CD /* Debug */ = {
			isa = XCBuildConfiguration;
			baseConfigurationReference = AD06B5FAE8FD4EE3AB9B4C5D /* Pods-RollCall.xcconfig */;
			buildSettings = {
				ASSETCATALOG_COMPILER_APPICON_NAME = AppIcon;
				ASSETCATALOG_COMPILER_LAUNCHIMAGE_NAME = LaunchImage;
				CODE_SIGN_IDENTITY = "iPhone Developer: Amadou Crookes (V23VPS752M)";
				FRAMEWORK_SEARCH_PATHS = (
					"$(inherited)",
					"$(PROJECT_DIR)/RollCall",
				);
				GCC_PRECOMPILE_PREFIX_HEADER = YES;
				GCC_PREFIX_HEADER = "RollCall/Supporting Files/RollCall-Prefix.pch";
				INFOPLIST_FILE = "RollCall/Supporting Files/RollCall-Info.plist";
				PRODUCT_NAME = "$(TARGET_NAME)";
				WRAPPER_EXTENSION = app;
			};
			name = Debug;
		};
		23553FE81967405B00CE49CD /* Release */ = {
			isa = XCBuildConfiguration;
			baseConfigurationReference = AD06B5FAE8FD4EE3AB9B4C5D /* Pods-RollCall.xcconfig */;
			buildSettings = {
				ASSETCATALOG_COMPILER_APPICON_NAME = AppIcon;
				ASSETCATALOG_COMPILER_LAUNCHIMAGE_NAME = LaunchImage;
				CODE_SIGN_IDENTITY = "iPhone Developer: Amadou Crookes (V23VPS752M)";
				FRAMEWORK_SEARCH_PATHS = (
					"$(inherited)",
					"$(PROJECT_DIR)/RollCall",
				);
				GCC_PRECOMPILE_PREFIX_HEADER = YES;
				GCC_PREFIX_HEADER = "RollCall/Supporting Files/RollCall-Prefix.pch";
				INFOPLIST_FILE = "RollCall/Supporting Files/RollCall-Info.plist";
				PRODUCT_NAME = "$(TARGET_NAME)";
				WRAPPER_EXTENSION = app;
			};
			name = Release;
		};
		23553FEA1967405B00CE49CD /* Debug */ = {
			isa = XCBuildConfiguration;
			buildSettings = {
				BUNDLE_LOADER = "$(BUILT_PRODUCTS_DIR)/RollCall.app/RollCall";
				FRAMEWORK_SEARCH_PATHS = (
					"$(SDKROOT)/Developer/Library/Frameworks",
					"$(inherited)",
					"$(DEVELOPER_FRAMEWORKS_DIR)",
				);
				GCC_PRECOMPILE_PREFIX_HEADER = YES;
				GCC_PREFIX_HEADER = "RollCall/RollCall-Prefix.pch";
				GCC_PREPROCESSOR_DEFINITIONS = (
					"DEBUG=1",
					"$(inherited)",
				);
				INFOPLIST_FILE = "RollCallTests/RollCallTests-Info.plist";
				PRODUCT_NAME = "$(TARGET_NAME)";
				TEST_HOST = "$(BUNDLE_LOADER)";
				WRAPPER_EXTENSION = xctest;
			};
			name = Debug;
		};
		23553FEB1967405B00CE49CD /* Release */ = {
			isa = XCBuildConfiguration;
			buildSettings = {
				BUNDLE_LOADER = "$(BUILT_PRODUCTS_DIR)/RollCall.app/RollCall";
				FRAMEWORK_SEARCH_PATHS = (
					"$(SDKROOT)/Developer/Library/Frameworks",
					"$(inherited)",
					"$(DEVELOPER_FRAMEWORKS_DIR)",
				);
				GCC_PRECOMPILE_PREFIX_HEADER = YES;
				GCC_PREFIX_HEADER = "RollCall/RollCall-Prefix.pch";
				INFOPLIST_FILE = "RollCallTests/RollCallTests-Info.plist";
				PRODUCT_NAME = "$(TARGET_NAME)";
				TEST_HOST = "$(BUNDLE_LOADER)";
				WRAPPER_EXTENSION = xctest;
			};
			name = Release;
		};
/* End XCBuildConfiguration section */

/* Begin XCConfigurationList section */
		23553FAF1967405B00CE49CD /* Build configuration list for PBXProject "RollCall" */ = {
			isa = XCConfigurationList;
			buildConfigurations = (
				23553FE41967405B00CE49CD /* Debug */,
				23553FE51967405B00CE49CD /* Release */,
			);
			defaultConfigurationIsVisible = 0;
			defaultConfigurationName = Release;
		};
		23553FE61967405B00CE49CD /* Build configuration list for PBXNativeTarget "RollCall" */ = {
			isa = XCConfigurationList;
			buildConfigurations = (
				23553FE71967405B00CE49CD /* Debug */,
				23553FE81967405B00CE49CD /* Release */,
			);
			defaultConfigurationIsVisible = 0;
			defaultConfigurationName = Release;
		};
		23553FE91967405B00CE49CD /* Build configuration list for PBXNativeTarget "RollCallTests" */ = {
			isa = XCConfigurationList;
			buildConfigurations = (
				23553FEA1967405B00CE49CD /* Debug */,
				23553FEB1967405B00CE49CD /* Release */,
			);
			defaultConfigurationIsVisible = 0;
			defaultConfigurationName = Release;
		};
/* End XCConfigurationList section */

/* Begin XCVersionGroup section */
		C8E6ECA0196CFB5600DAEE73 /* RollCall.xcdatamodeld */ = {
			isa = XCVersionGroup;
			children = (
				C8E6ECA1196CFB5600DAEE73 /* RollCall.xcdatamodel */,
			);
			currentVersion = C8E6ECA1196CFB5600DAEE73 /* RollCall.xcdatamodel */;
			name = RollCall.xcdatamodeld;
			path = Models/RollCall.xcdatamodeld;
			sourceTree = "<group>";
			versionGroupType = wrapper.xcdatamodel;
		};
/* End XCVersionGroup section */
	};
	rootObject = 23553FAC1967405B00CE49CD /* Project object */;
}
